PODS:
  - Firebase/Auth (4.13.0):
    - Firebase/Core
    - FirebaseAuth (= 4.6.1)
  - Firebase/Core (4.13.0):
    - FirebaseAnalytics (= 4.2.0)
    - FirebaseCore (= 4.0.20)
  - Firebase/Storage (4.13.0):
    - Firebase/Core
    - FirebaseStorage (= 2.2.0)
  - firebase_analytics (0.0.1):
    - Firebase/Core
    - Flutter
  - firebase_auth (0.0.1):
    - Firebase/Auth
    - Firebase/Core
    - Flutter
  - firebase_core (0.0.1):
    - Firebase/Core
    - Flutter
  - firebase_storage (0.0.1):
    - Firebase/Storage
    - Flutter
  - FirebaseAnalytics (4.2.0):
    - FirebaseCore (~> 4.0)
    - FirebaseInstanceID (~> 2.0)
    - "GoogleToolboxForMac/NSData+zlib (~> 2.1)"
    - nanopb (~> 0.3)
  - FirebaseAuth (4.6.1):
    - FirebaseAnalytics (~> 4.2)
    - "GoogleToolboxForMac/NSDictionary+URLArguments (~> 2.1)"
    - GTMSessionFetcher/Core (~> 1.1)
  - FirebaseCore (4.0.20):
    - "GoogleToolboxForMac/NSData+zlib (~> 2.1)"
  - FirebaseInstanceID (2.0.10):
    - FirebaseCore (~> 4.0)
  - FirebaseStorage (2.2.0):
    - FirebaseAnalytics (~> 4.1)
    - FirebaseCore (~> 4.0)
    - GTMSessionFetcher/Core (~> 1.1)
  - Flutter (1.0.0)
  - google_sign_in (0.0.1):
    - Flutter
    - GoogleSignIn (~> 4.0)
  - GoogleSignIn (4.1.2):
    - "GoogleToolboxForMac/NSDictionary+URLArguments (~> 2.1)"
    - "GoogleToolboxForMac/NSString+URLArguments (~> 2.1)"
    - GTMOAuth2 (~> 1.0)
    - GTMSessionFetcher/Core (~> 1.1)
  - GoogleToolboxForMac/DebugUtils (2.1.3):
    - GoogleToolboxForMac/Defines (= 2.1.3)
  - GoogleToolboxForMac/Defines (2.1.3)
  - "GoogleToolboxForMac/NSData+zlib (2.1.3)":
    - GoogleToolboxForMac/Defines (= 2.1.3)
  - "GoogleToolboxForMac/NSDictionary+URLArguments (2.1.3)":
    - GoogleToolboxForMac/DebugUtils (= 2.1.3)
    - GoogleToolboxForMac/Defines (= 2.1.3)
    - "GoogleToolboxForMac/NSString+URLArguments (= 2.1.3)"
  - "GoogleToolboxForMac/NSString+URLArguments (2.1.3)"
  - GTMOAuth2 (1.1.6):
    - GTMSessionFetcher (~> 1.1)
  - GTMSessionFetcher (1.1.15):
    - GTMSessionFetcher/Full (= 1.1.15)
  - GTMSessionFetcher/Core (1.1.15)
  - GTMSessionFetcher/Full (1.1.15):
    - GTMSessionFetcher/Core (= 1.1.15)
  - nanopb (0.3.8):
    - nanopb/decode (= 0.3.8)
    - nanopb/encode (= 0.3.8)
  - nanopb/decode (0.3.8)
  - nanopb/encode (0.3.8)

DEPENDENCIES:
  - firebase_analytics (from `Pods/.symlinks/plugins/firebase_analytics/ios`)
  - firebase_auth (from `Pods/.symlinks/plugins/firebase_auth/ios`)
  - firebase_core (from `Pods/.symlinks/plugins/firebase_core/ios`)
  - firebase_storage (from `Pods/.symlinks/plugins/firebase_storage/ios`)
  - Flutter (from `Pods/.symlinks/flutter/ios`)
  - google_sign_in (from `Pods/.symlinks/plugins/google_sign_in/ios`)

SPEC REPOS:
  https://github.com/CocoaPods/Specs.git:
    - Firebase
    - FirebaseAnalytics
    - FirebaseAuth
    - FirebaseCore
    - FirebaseInstanceID
    - FirebaseStorage
    - GoogleSignIn
    - GoogleToolboxForMac
    - GTMOAuth2
    - GTMSessionFetcher
    - nanopb

EXTERNAL SOURCES:
  firebase_analytics:
    :path: Pods/.symlinks/plugins/firebase_analytics/ios
  firebase_auth:
    :path: Pods/.symlinks/plugins/firebase_auth/ios
  firebase_core:
    :path: Pods/.symlinks/plugins/firebase_core/ios
  firebase_storage:
    :path: Pods/.symlinks/plugins/firebase_storage/ios
  Flutter:
    :path: Pods/.symlinks/flutter/ios
  google_sign_in:
    :path: Pods/.symlinks/plugins/google_sign_in/ios

SPEC CHECKSUMS:
  Firebase: 5ec5e863d269d82d66b4bf56856726f8fb8f0fb3
  firebase_analytics: fcc60a9de4b8e07aa5af8941303a7f5fe6e0383f
  firebase_auth: 27a5a77a032d557c18f8e223aaf8ec1368f6cdbc
  firebase_core: c96aa8b2fcf7f5167d32f22034f502f9304952b8
  firebase_storage: e34d30ff8bb57e691191b70e9d255ec2eba2351f
  FirebaseAnalytics: 7ef69e76a5142f643aeb47c780e1cdce4e23632e
  FirebaseAuth: bf22cacf22c60ab454bf2636f556d8892b10b53f
  FirebaseCore: 90cb1c53d69b556f112a1bf72b5fcfaad7650790
  FirebaseInstanceID: 8d20d890d65c917f9f7d9950b6e10a760ad34321
  FirebaseStorage: 0c223481c8f89ed300cf1239ddd2d9833622c65f
  Flutter: 9d0fac939486c9aba2809b7982dfdbb47a7b0296
  google_sign_in: cbeb57b96679823d14df6b2240b629b983a42d79
  GoogleSignIn: d9ef55b10f0aa401a5de2747f59b725e4b9732ac
  GoogleToolboxForMac: 2501e2ad72a52eb3dfe7bd9aee7dad11b858bd20
  GTMOAuth2: c77fe325e4acd453837e72d91e3b5f13116857b2
  GTMSessionFetcher: 5fa5b80fd20e439ef5f545fb2cb3ca6c6714caa2
  nanopb: 5601e6bca2dbf1ed831b519092ec110f66982ca3

PODFILE CHECKSUM: 72f33e665397d39824138831339bb44a509bfd61

COCOAPODS: 1.5.0
